
Microsoft Visual Studio Solution File, Format Version 12.00
# Visual Studio Version 16
VisualStudioVersion = 16.0.30717.126
MinimumVisualStudioVersion = 10.0.40219.1
Project("{FAE04EC0-301F-11D3-BF4B-00C04F79EFBC}") = "T.UI", "T.UI\T.UI.csproj", "{BE85BB14-8309-4F3C-AD72-7DFF402814B1}"
EndProject
Project("{FAE04EC0-301F-11D3-BF4B-00C04F79EFBC}") = "T.RabbitMQ", "T.RabbitMQ\T.RabbitMQ.csproj", "{28A263E8-9CC9-4F51-BE16-4E6E7EC4BC33}"
EndProject
Global
	GlobalSection(SolutionConfigurationPlatforms) = preSolution
		Debug|Any CPU = Debug|Any CPU
		Release|Any CPU = Release|Any CPU
	EndGlobalSection
	GlobalSection(ProjectConfigurationPlatforms) = postSolution
		{BE85BB14-8309-4F3C-AD72-7DFF402814B1}.Debug|Any CPU.ActiveCfg = Debug|Any CPU
		{BE85BB14-8309-4F3C-AD72-7DFF402814B1}.Debug|Any CPU.Build.0 = Debug|Any CPU
		{BE85BB14-8309-4F3C-AD72-7DFF402814B1}.Release|Any CPU.ActiveCfg = Release|Any CPU
		{BE85BB14-8309-4F3C-AD72-7DFF402814B1}.Release|Any CPU.Build.0 = Release|Any CPU
		{28A263E8-9CC9-4F51-BE16-4E6E7EC4BC33}.Debug|Any CPU.ActiveCfg = Debug|Any CPU
		{28A263E8-9CC9-4F51-BE16-4E6E7EC4BC33}.Debug|Any CPU.Build.0 = Debug|Any CPU
		{28A263E8-9CC9-4F51-BE16-4E6E7EC4BC33}.Release|Any CPU.ActiveCfg = Release|Any CPU
		{28A263E8-9CC9-4F51-BE16-4E6E7EC4BC33}.Release|Any CPU.Build.0 = Release|Any CPU
	EndGlobalSection
	GlobalSection(SolutionProperties) = preSolution
		HideSolutionNode = FALSE
	EndGlobalSection
	GlobalSection(ExtensibilityGlobals) = postSolution
		SolutionGuid = {976149CB-6099-4024-89A9-E0C48CF5C960}
	EndGlobalSection
EndGlobal
